
Microsoft Visual Studio Solution File, Format Version 12.00
# Visual Studio 15
VisualStudioVersion = 15.0.26730.12
MinimumVisualStudioVersion = 10.0.40219.1
Project("{FAE04EC0-301F-11D3-BF4B-00C04F79EFBC}") = "FirstWindowApp", "FirstWindowApp\FirstWindowApp.csproj", "{A1CEC11E-D5EA-4D60-A1B6-83C8A49FBB7A}"
EndProject
Global
	GlobalSection(SolutionConfigurationPlatforms) = preSolution
		Debug|Any CPU = Debug|Any CPU
		Release|Any CPU = Release|Any CPU
	EndGlobalSection
	GlobalSection(ProjectConfigurationPlatforms) = postSolution
		{A1CEC11E-D5EA-4D60-A1B6-83C8A49FBB7A}.Debug|Any CPU.ActiveCfg = Debug|Any CPU
		{A1CEC11E-D5EA-4D60-A1B6-83C8A49FBB7A}.Debug|Any CPU.Build.0 = Debug|Any CPU
		{A1CEC11E-D5EA-4D60-A1B6-83C8A49FBB7A}.Release|Any CPU.ActiveCfg = Release|Any CPU
		{A1CEC11E-D5EA-4D60-A1B6-83C8A49FBB7A}.Release|Any CPU.Build.0 = Release|Any CPU
	EndGlobalSection
	GlobalSection(SolutionProperties) = preSolution
		HideSolutionNode = FALSE
	EndGlobalSection
	GlobalSection(ExtensibilityGlobals) = postSolution
		SolutionGuid = {2FD8C09F-13E9-40B1-BC52-F55FC3116C16}
	EndGlobalSection
EndGlobal
